<Solution>
  <Folder Name="/src/" />
  <Folder Name="/src/BuildingBlocks/">
    <Project Path="src/BuildingBlocks/EventBus/BuildingBlocks.EventBus.csproj" />
    <Project Path="src/BuildingBlocks/Logging/BuildingBlocks.Logging.csproj" />
  </Folder>
  <Folder Name="/src/Gateways/">
    <Project Path="src/Gateways/YarpGateway/YarpGateway.csproj" />
  </Folder>
  <Folder Name="/src/Services/">
    <Project Path="src/Services/IdentityService/IdentityService.csproj" />
    <Project Path="src/Services/IntegrationService/IntegrationService.csproj" />
  </Folder>
  <Folder Name="/src/Services/OrderService/">
    <Project Path="src/Services/OrderService/OrderService.API/OrderService.API.csproj" />
    <Project Path="src/Services/OrderService/OrderService.Application/OrderService.Application.csproj" />
    <Project Path="src/Services/OrderService/OrderService.Domain/OrderService.Domain.csproj" />
    <Project Path="src/Services/OrderService/OrderService.Infrastructure/OrderService.Infrastructure.csproj" />
  </Folder>
  <Folder Name="/tests/">
    <Project Path="tests/IntegrationService.Tests.Integration/IntegrationService.Tests.Integration.csproj" />
    <Project Path="tests/OrderService.Tests.Integration/OrderService.Tests.Integration.csproj" />
    <Project Path="tests/OrderService.Tests.Unit/OrderService.Tests.Unit.csproj" />
  </Folder>
</Solution>
